
Microsoft Visual Studio Solution File, Format Version 12.00
# Visual Studio Version 17
VisualStudioVersion = 17.14.36705.20 d17.14
MinimumVisualStudioVersion = 10.0.40219.1
Project("{FAE04EC0-301F-11D3-BF4B-00C04F79EFBC}") = "EquipRentApi", "EquipRentApi.csproj", "{3E08C307-67D5-49BC-9184-47F5DBA74D9D}"
EndProject
Global
	GlobalSection(SolutionConfigurationPlatforms) = preSolution
		Debug|Any CPU = Debug|Any CPU
		Release|Any CPU = Release|Any CPU
	EndGlobalSection
	GlobalSection(ProjectConfigurationPlatforms) = postSolution
		{3E08C307-67D5-49BC-9184-47F5DBA74D9D}.Debug|Any CPU.ActiveCfg = Debug|Any CPU
		{3E08C307-67D5-49BC-9184-47F5DBA74D9D}.Debug|Any CPU.Build.0 = Debug|Any CPU
		{3E08C307-67D5-49BC-9184-47F5DBA74D9D}.Release|Any CPU.ActiveCfg = Release|Any CPU
		{3E08C307-67D5-49BC-9184-47F5DBA74D9D}.Release|Any CPU.Build.0 = Release|Any CPU
	EndGlobalSection
	GlobalSection(SolutionProperties) = preSolution
		HideSolutionNode = FALSE
	EndGlobalSection
	GlobalSection(ExtensibilityGlobals) = postSolution
		SolutionGuid = {F0E89D92-50D2-4FBA-9295-D1E40300DF4A}
	EndGlobalSection
EndGlobal
